
Microsoft Visual Studio Solution File, Format Version 12.00
# Visual Studio Version 17
VisualStudioVersion = 17.14.36623.8
MinimumVisualStudioVersion = 10.0.40219.1
Project("{FAE04EC0-301F-11D3-BF4B-00C04F79EFBC}") = "Orders.Backend", "Orders.Backend\Orders.Backend.csproj", "{3077D5F4-44DF-410C-B8D5-BBE4DC31EE46}"
EndProject
Project("{FAE04EC0-301F-11D3-BF4B-00C04F79EFBC}") = "Orders.Shared", "..\Orders.Shared\Orders.Shared.csproj", "{0B4A8311-4503-41EF-9289-8C05990CFA1B}"
EndProject
Project("{FAE04EC0-301F-11D3-BF4B-00C04F79EFBC}") = "Orders.Frontend", "..\Orders.Frontend\Orders.Frontend.csproj", "{46E92445-F0EC-6AB8-39B9-23B2DB3C55CB}"
EndProject
Global
	GlobalSection(SolutionConfigurationPlatforms) = preSolution
		Debug|Any CPU = Debug|Any CPU
		Release|Any CPU = Release|Any CPU
	EndGlobalSection
	GlobalSection(ProjectConfigurationPlatforms) = postSolution
		{3077D5F4-44DF-410C-B8D5-BBE4DC31EE46}.Debug|Any CPU.ActiveCfg = Debug|Any CPU
		{3077D5F4-44DF-410C-B8D5-BBE4DC31EE46}.Debug|Any CPU.Build.0 = Debug|Any CPU
		{3077D5F4-44DF-410C-B8D5-BBE4DC31EE46}.Release|Any CPU.ActiveCfg = Release|Any CPU
		{3077D5F4-44DF-410C-B8D5-BBE4DC31EE46}.Release|Any CPU.Build.0 = Release|Any CPU
		{0B4A8311-4503-41EF-9289-8C05990CFA1B}.Debug|Any CPU.ActiveCfg = Debug|Any CPU
		{0B4A8311-4503-41EF-9289-8C05990CFA1B}.Debug|Any CPU.Build.0 = Debug|Any CPU
		{0B4A8311-4503-41EF-9289-8C05990CFA1B}.Release|Any CPU.ActiveCfg = Release|Any CPU
		{0B4A8311-4503-41EF-9289-8C05990CFA1B}.Release|Any CPU.Build.0 = Release|Any CPU
		{46E92445-F0EC-6AB8-39B9-23B2DB3C55CB}.Debug|Any CPU.ActiveCfg = Debug|Any CPU
		{46E92445-F0EC-6AB8-39B9-23B2DB3C55CB}.Debug|Any CPU.Build.0 = Debug|Any CPU
		{46E92445-F0EC-6AB8-39B9-23B2DB3C55CB}.Release|Any CPU.ActiveCfg = Release|Any CPU
		{46E92445-F0EC-6AB8-39B9-23B2DB3C55CB}.Release|Any CPU.Build.0 = Release|Any CPU
	EndGlobalSection
	GlobalSection(SolutionProperties) = preSolution
		HideSolutionNode = FALSE
	EndGlobalSection
	GlobalSection(ExtensibilityGlobals) = postSolution
		SolutionGuid = {DA4B8810-8BC3-4CF7-ABD9-BBDE343AD41C}
	EndGlobalSection
EndGlobal
